
Microsoft Visual Studio Solution File, Format Version 12.00
# Visual Studio 15
VisualStudioVersion = 15.0.26430.12
MinimumVisualStudioVersion = 10.0.40219.1
Project("{FAE04EC0-301F-11D3-BF4B-00C04F79EFBC}") = "SimpleExampleLowLevel", "examples\SimpleExampleLowLevel\SimpleExampleLowLevel.csproj", "{904017BB-5660-418B-B132-46EA6DF54788}"
EndProject
Project("{FAE04EC0-301F-11D3-BF4B-00C04F79EFBC}") = "SimpleExampleHighLevel", "examples\SimpleExampleHighLevel\SimpleExampleHighLevel.csproj", "{3504FBA2-3EB1-4B50-9E73-92E7923839B0}"
EndProject
Project("{FAE04EC0-301F-11D3-BF4B-00C04F79EFBC}") = "PrefixExample", "examples\PrefixExample\PrefixExample.csproj", "{8731668E-3F6B-4B6D-BC95-552804EDDB4D}"
EndProject
Project("{FAE04EC0-301F-11D3-BF4B-00C04F79EFBC}") = "ColumnFamilyExample", "examples\ColumnFamilyExample\ColumnFamilyExample.csproj", "{AF539614-596B-4271-B1BC-A96F58B22329}"
EndProject
Project("{FAE04EC0-301F-11D3-BF4B-00C04F79EFBC}") = "RocksDbSharpTest", "tests\RocksDbSharpTest\RocksDbSharpTest.csproj", "{044901FD-A7BA-48A9-A5BE-8CB40A13CE02}"
EndProject
Project("{FAE04EC0-301F-11D3-BF4B-00C04F79EFBC}") = "RocksDbSharp", "RocksDbSharp\RocksDbSharp.csproj", "{53056B3C-FAC0-41ED-9C5B-8BA41DF85F61}"
EndProject
Project("{FAE04EC0-301F-11D3-BF4B-00C04F79EFBC}") = "RocksDbNative", "RocksDbNative\RocksDbNative.csproj", "{5DE4B734-CD28-435A-A552-257FDCCDE50A}"
EndProject
Global
	GlobalSection(SolutionConfigurationPlatforms) = preSolution
		Debug|Any CPU = Debug|Any CPU
		Release|Any CPU = Release|Any CPU
	EndGlobalSection
	GlobalSection(ProjectConfigurationPlatforms) = postSolution
		{904017BB-5660-418B-B132-46EA6DF54788}.Debug|Any CPU.ActiveCfg = Debug|Any CPU
		{904017BB-5660-418B-B132-46EA6DF54788}.Debug|Any CPU.Build.0 = Debug|Any CPU
		{904017BB-5660-418B-B132-46EA6DF54788}.Release|Any CPU.ActiveCfg = Release|Any CPU
		{904017BB-5660-418B-B132-46EA6DF54788}.Release|Any CPU.Build.0 = Release|Any CPU
		{3504FBA2-3EB1-4B50-9E73-92E7923839B0}.Debug|Any CPU.ActiveCfg = Debug|Any CPU
		{3504FBA2-3EB1-4B50-9E73-92E7923839B0}.Debug|Any CPU.Build.0 = Debug|Any CPU
		{3504FBA2-3EB1-4B50-9E73-92E7923839B0}.Release|Any CPU.ActiveCfg = Release|Any CPU
		{3504FBA2-3EB1-4B50-9E73-92E7923839B0}.Release|Any CPU.Build.0 = Release|Any CPU
		{8731668E-3F6B-4B6D-BC95-552804EDDB4D}.Debug|Any CPU.ActiveCfg = Debug|Any CPU
		{8731668E-3F6B-4B6D-BC95-552804EDDB4D}.Debug|Any CPU.Build.0 = Debug|Any CPU
		{8731668E-3F6B-4B6D-BC95-552804EDDB4D}.Release|Any CPU.ActiveCfg = Release|Any CPU
		{8731668E-3F6B-4B6D-BC95-552804EDDB4D}.Release|Any CPU.Build.0 = Release|Any CPU
		{AF539614-596B-4271-B1BC-A96F58B22329}.Debug|Any CPU.ActiveCfg = Debug|Any CPU
		{AF539614-596B-4271-B1BC-A96F58B22329}.Debug|Any CPU.Build.0 = Debug|Any CPU
		{AF539614-596B-4271-B1BC-A96F58B22329}.Release|Any CPU.ActiveCfg = Release|Any CPU
		{AF539614-596B-4271-B1BC-A96F58B22329}.Release|Any CPU.Build.0 = Release|Any CPU
		{044901FD-A7BA-48A9-A5BE-8CB40A13CE02}.Debug|Any CPU.ActiveCfg = Debug|Any CPU
		{044901FD-A7BA-48A9-A5BE-8CB40A13CE02}.Debug|Any CPU.Build.0 = Debug|Any CPU
		{044901FD-A7BA-48A9-A5BE-8CB40A13CE02}.Release|Any CPU.ActiveCfg = Release|Any CPU
		{044901FD-A7BA-48A9-A5BE-8CB40A13CE02}.Release|Any CPU.Build.0 = Release|Any CPU
		{53056B3C-FAC0-41ED-9C5B-8BA41DF85F61}.Debug|Any CPU.ActiveCfg = Debug|Any CPU
		{53056B3C-FAC0-41ED-9C5B-8BA41DF85F61}.Debug|Any CPU.Build.0 = Debug|Any CPU
		{53056B3C-FAC0-41ED-9C5B-8BA41DF85F61}.Release|Any CPU.ActiveCfg = Release|Any CPU
		{53056B3C-FAC0-41ED-9C5B-8BA41DF85F61}.Release|Any CPU.Build.0 = Release|Any CPU
		{5DE4B734-CD28-435A-A552-257FDCCDE50A}.Debug|Any CPU.ActiveCfg = Debug|Any CPU
		{5DE4B734-CD28-435A-A552-257FDCCDE50A}.Debug|Any CPU.Build.0 = Debug|Any CPU
		{5DE4B734-CD28-435A-A552-257FDCCDE50A}.Release|Any CPU.ActiveCfg = Release|Any CPU
		{5DE4B734-CD28-435A-A552-257FDCCDE50A}.Release|Any CPU.Build.0 = Release|Any CPU
	EndGlobalSection
	GlobalSection(SolutionProperties) = preSolution
		HideSolutionNode = FALSE
	EndGlobalSection
EndGlobal
